
Microsoft Visual Studio Solution File, Format Version 12.00
# Visual Studio Version 17
VisualStudioVersion = 17.0.31612.314
MinimumVisualStudioVersion = 10.0.40219.1
Project("{9A19103F-16F7-4668-BE54-9A1E7A4F7556}") = "shop-be", "shop-be\shop-be.csproj", "{1D2EAB3D-190D-4264-9FFE-3D9235860CE2}"
EndProject
Project("{FAE04EC0-301F-11D3-BF4B-00C04F79EFBC}") = "Core", "Core\Core.csproj", "{C739302A-E7DE-446F-BC8B-A17103D6A634}"
EndProject
Project("{FAE04EC0-301F-11D3-BF4B-00C04F79EFBC}") = "Infrastructure", "Infrastructure\Infrastructure.csproj", "{F9A19EAF-93B1-4239-96A9-FEDCC3EE463A}"
EndProject
Global
	GlobalSection(SolutionConfigurationPlatforms) = preSolution
		Debug|Any CPU = Debug|Any CPU
		Release|Any CPU = Release|Any CPU
	EndGlobalSection
	GlobalSection(ProjectConfigurationPlatforms) = postSolution
		{1D2EAB3D-190D-4264-9FFE-3D9235860CE2}.Debug|Any CPU.ActiveCfg = Debug|Any CPU
		{1D2EAB3D-190D-4264-9FFE-3D9235860CE2}.Debug|Any CPU.Build.0 = Debug|Any CPU
		{1D2EAB3D-190D-4264-9FFE-3D9235860CE2}.Release|Any CPU.ActiveCfg = Release|Any CPU
		{1D2EAB3D-190D-4264-9FFE-3D9235860CE2}.Release|Any CPU.Build.0 = Release|Any CPU
		{C739302A-E7DE-446F-BC8B-A17103D6A634}.Debug|Any CPU.ActiveCfg = Debug|Any CPU
		{C739302A-E7DE-446F-BC8B-A17103D6A634}.Debug|Any CPU.Build.0 = Debug|Any CPU
		{C739302A-E7DE-446F-BC8B-A17103D6A634}.Release|Any CPU.ActiveCfg = Release|Any CPU
		{C739302A-E7DE-446F-BC8B-A17103D6A634}.Release|Any CPU.Build.0 = Release|Any CPU
		{F9A19EAF-93B1-4239-96A9-FEDCC3EE463A}.Debug|Any CPU.ActiveCfg = Debug|Any CPU
		{F9A19EAF-93B1-4239-96A9-FEDCC3EE463A}.Debug|Any CPU.Build.0 = Debug|Any CPU
		{F9A19EAF-93B1-4239-96A9-FEDCC3EE463A}.Release|Any CPU.ActiveCfg = Release|Any CPU
		{F9A19EAF-93B1-4239-96A9-FEDCC3EE463A}.Release|Any CPU.Build.0 = Release|Any CPU
	EndGlobalSection
	GlobalSection(SolutionProperties) = preSolution
		HideSolutionNode = FALSE
	EndGlobalSection
	GlobalSection(ExtensibilityGlobals) = postSolution
		SolutionGuid = {8809FD31-7F1E-4D0E-A179-EECFC8FBBB28}
	EndGlobalSection
EndGlobal
